<Solution>
    <Project Path="DevOpsPlatformHub.Api/DevOpsPlatformHub.Api.csproj" />
    <Project Path="DevOpsPlatformHub.Application/DevOpsPlatformHub.Application.csproj" />
    <Project Path="DevOpsPlatformHub.Domain/DevOpsPlatformHub.Domain.csproj" />
    <Project Path="DevOpsPlatformHub.Infrastructure/DevOpsPlatformHub.Infrastructure.csproj" />
    <Project Path="DevOpsPlatformHub.IntegrationTests/DevOpsPlatformHub.IntegrationTests.csproj" />
    <Project Path="DevOpsPlatformHub.UnitTests/DevOpsPlatformHub.UnitTests.csproj" />
</Solution>
